
Microsoft Visual Studio Solution File, Format Version 12.00
# Visual Studio 15
VisualStudioVersion = 15.0.28307.168
MinimumVisualStudioVersion = 10.0.40219.1
Project("{FAE04EC0-301F-11D3-BF4B-00C04F79EFBC}") = "simplegame", "simplegame\simplegame.csproj", "{B239868D-0F62-462E-91D2-1B217BE8F0B5}"
EndProject
Global
	GlobalSection(SolutionConfigurationPlatforms) = preSolution
		Debug|Any CPU = Debug|Any CPU
		Release|Any CPU = Release|Any CPU
	EndGlobalSection
	GlobalSection(ProjectConfigurationPlatforms) = postSolution
		{B239868D-0F62-462E-91D2-1B217BE8F0B5}.Debug|Any CPU.ActiveCfg = Debug|Any CPU
		{B239868D-0F62-462E-91D2-1B217BE8F0B5}.Debug|Any CPU.Build.0 = Debug|Any CPU
		{B239868D-0F62-462E-91D2-1B217BE8F0B5}.Release|Any CPU.ActiveCfg = Release|Any CPU
		{B239868D-0F62-462E-91D2-1B217BE8F0B5}.Release|Any CPU.Build.0 = Release|Any CPU
	EndGlobalSection
	GlobalSection(SolutionProperties) = preSolution
		HideSolutionNode = FALSE
	EndGlobalSection
	GlobalSection(ExtensibilityGlobals) = postSolution
		SolutionGuid = {11B95243-92CE-4457-A5C3-78CB2E790247}
	EndGlobalSection
EndGlobal
